<?xml version="1.0" encoding="utf-8"?>
<Project ToolsVersion="4.0" xmlns="http://schemas.microsoft.com/developer/msbuild/2003">
  <ItemGroup>
    <Filter Include="Archivos de código fuente">
      <UniqueIdentifier>{4FC737F1-C7A5-4376-A066-2A32D752A2FF}</UniqueIdentifier>
      <Extensions>
      </Extensions>
    </Filter>
    <Filter Include="Core Modules">
      <UniqueIdentifier>{4bfab1bf-1ef4-4469-a4bd-7476600bb600}</UniqueIdentifier>
      <Extensions>
      </Extensions>
    </Filter>
    <Filter Include="Game Modules">
      <UniqueIdentifier>{7b0f6475-2263-4b33-bc5a-12be1f06a784}</UniqueIdentifier>
    </Filter>
    <Filter Include="Main">
      <UniqueIdentifier>{ff9f42b3-6670-49dd-aacd-7ccbbe5212af}</UniqueIdentifier>
    </Filter>
    <Filter Include="Utils">
      <UniqueIdentifier>{5df16da6-8e48-4c57-9961-9d918e4d8f3b}</UniqueIdentifier>
    </Filter>
    <Filter Include="SDL_GFX">
      <UniqueIdentifier>{be3d9d13-5cd0-4822-9706-80782385077e}</UniqueIdentifier>
    </Filter>
    <Filter Include="Game Modules\ModeuleRace">
      <UniqueIdentifier>{d6021a94-97b9-4019-bc24-8cf559281931}</UniqueIdentifier>
    </Filter>
  </ItemGroup>
  <ItemGroup>
    <ClCompile Include="SDL2_framerate.c">
      <Filter>SDL_GFX</Filter>
    </ClCompile>
    <ClCompile Include="SDL2_gfxPrimitives.c">
      <Filter>SDL_GFX</Filter>
    </ClCompile>
    <ClCompile Include="SDL2_imageFilter.c">
      <Filter>SDL_GFX</Filter>
    </ClCompile>
    <ClCompile Include="SDL2_rotozoom.c">
      <Filter>SDL_GFX</Filter>
    </ClCompile>
    <ClCompile Include="Main.cpp">
      <Filter>Main</Filter>
    </ClCompile>
    <ClCompile Include="Application.cpp">
      <Filter>Main</Filter>
    </ClCompile>
    <ClCompile Include="Log.cpp">
      <Filter>Utils</Filter>
    </ClCompile>
    <ClCompile Include="ModuleInput.cpp">
      <Filter>Core Modules</Filter>
    </ClCompile>
    <ClCompile Include="ModuleWindow.cpp">
      <Filter>Core Modules</Filter>
    </ClCompile>
    <ClCompile Include="ModuleRender.cpp">
      <Filter>Core Modules</Filter>
    </ClCompile>
    <ClCompile Include="ModuleTextures.cpp">
      <Filter>Core Modules</Filter>
    </ClCompile>
    <ClCompile Include="ModuleAudio.cpp">
      <Filter>Core Modules</Filter>
    </ClCompile>
    <ClCompile Include="ModuleFadeToBlack.cpp">
      <Filter>Core Modules</Filter>
    </ClCompile>
    <ClCompile Include="ModuleSceneStart.cpp">
      <Filter>Game Modules</Filter>
    </ClCompile>
    <ClCompile Include="ModuleSceneSelect.cpp">
      <Filter>Game Modules</Filter>
    </ClCompile>
    <ClCompile Include="TextFont.cpp">
      <Filter>Utils</Filter>
    </ClCompile>
    <ClCompile Include="ModuleSceneSega.cpp">
      <Filter>Game Modules</Filter>
    </ClCompile>
    <ClCompile Include="ModuleSceneRace.cpp">
      <Filter>Game Modules\ModeuleRace</Filter>
    </ClCompile>
    <ClCompile Include="CtrlCar.cpp">
      <Filter>Game Modules\ModeuleRace</Filter>
    </ClCompile>
    <ClCompile Include="CtrlUI.cpp">
      <Filter>Game Modules\ModeuleRace</Filter>
    </ClCompile>
    <ClCompile Include="CtrlMap.cpp">
      <Filter>Game Modules\ModeuleRace</Filter>
    </ClCompile>
  </ItemGroup>
  <ItemGroup>
    <ClInclude Include="Module.h">
      <Filter>Core Modules</Filter>
    </ClInclude>
    <ClInclude Include="SDL2_framerate.h">
      <Filter>SDL_GFX</Filter>
    </ClInclude>
    <ClInclude Include="SDL2_gfxPrimitives.h">
      <Filter>SDL_GFX</Filter>
    </ClInclude>
    <ClInclude Include="SDL2_gfxPrimitives_font.h">
      <Filter>SDL_GFX</Filter>
    </ClInclude>
    <ClInclude Include="SDL2_imageFilter.h">
      <Filter>SDL_GFX</Filter>
    </ClInclude>
    <ClInclude Include="SDL2_rotozoom.h">
      <Filter>SDL_GFX</Filter>
    </ClInclude>
    <ClInclude Include="Globals.h">
      <Filter>Main</Filter>
    </ClInclude>
    <ClInclude Include="Application.h">
      <Filter>Main</Filter>
    </ClInclude>
    <ClInclude Include="Point.h">
      <Filter>Utils</Filter>
    </ClInclude>
    <ClInclude Include="ModuleInput.h">
      <Filter>Core Modules</Filter>
    </ClInclude>
    <ClInclude Include="ModuleWindow.h">
      <Filter>Core Modules</Filter>
    </ClInclude>
    <ClInclude Include="ModuleRender.h">
      <Filter>Core Modules</Filter>
    </ClInclude>
    <ClInclude Include="ModuleTextures.h">
      <Filter>Core Modules</Filter>
    </ClInclude>
    <ClInclude Include="ModuleAudio.h">
      <Filter>Core Modules</Filter>
    </ClInclude>
    <ClInclude Include="ModuleFadeToBlack.h">
      <Filter>Core Modules</Filter>
    </ClInclude>
    <ClInclude Include="ModuleSceneStart.h">
      <Filter>Game Modules</Filter>
    </ClInclude>
    <ClInclude Include="Animation.h">
      <Filter>Utils</Filter>
    </ClInclude>
    <ClInclude Include="ModuleSceneSelect.h">
      <Filter>Game Modules</Filter>
    </ClInclude>
    <ClInclude Include="TextFont.h">
      <Filter>Utils</Filter>
    </ClInclude>
    <ClInclude Include="ModuleSceneSega.h">
      <Filter>Game Modules</Filter>
    </ClInclude>
    <ClInclude Include="ModuleSceneRace.h">
      <Filter>Game Modules\ModeuleRace</Filter>
    </ClInclude>
    <ClInclude Include="CtrlCar.h">
      <Filter>Game Modules\ModeuleRace</Filter>
    </ClInclude>
    <ClInclude Include="CtrlUI.h">
      <Filter>Game Modules\ModeuleRace</Filter>
    </ClInclude>
    <ClInclude Include="CtrlMap.h">
      <Filter>Game Modules\ModeuleRace</Filter>
    </ClInclude>
  </ItemGroup>
</Project>